{
  "version": 4,
  "terraform_version": "1.2.7",
  "serial": 46,
  "lineage": "c96b4ce5-ae9d-291b-df42-5d2b3546d52e",
  "outputs": {},
  "resources": [
    {
      "mode": "managed",
      "type": "github_branch",
      "name": "main",
      "provider": "provider[\"registry.terraform.io/integrations/github\"]",
      "instances": [
        {
          "schema_version": 0,
          "attributes": {
            "branch": "main",
            "etag": "W/\"e158e56f52dc3bc4abcc6ccb3941fbf1b18407aa37f6937d35cbc6ffce385fee\"",
            "id": "govuk-s3-mirror:main",
            "ref": "refs/heads/main",
            "repository": "govuk-s3-mirror",
            "sha": "af8d9de8540b31261be46a1b88a0b51232e6175d",
            "source_branch": "main",
            "source_sha": null
          },
          "sensitive_attributes": [],
          "private": "eyJzY2hlbWFfdmVyc2lvbiI6IjAifQ==",
          "dependencies": [
            "github_repository.repo"
          ]
        }
      ]
    },
    {
      "mode": "managed",
      "type": "github_branch_default",
      "name": "default",
      "provider": "provider[\"registry.terraform.io/integrations/github\"]",
      "instances": [
        {
          "schema_version": 0,
          "attributes": {
            "branch": "main",
            "id": "govuk-s3-mirror",
            "repository": "govuk-s3-mirror"
          },
          "sensitive_attributes": [],
          "private": "bnVsbA==",
          "dependencies": [
            "github_branch.main",
            "github_repository.repo"
          ]
        }
      ]
    },
    {
      "mode": "managed",
      "type": "github_branch_protection",
      "name": "main",
      "provider": "provider[\"registry.terraform.io/integrations/github\"]",
      "instances": [
        {
          "schema_version": 1,
          "attributes": {
            "allows_deletions": false,
            "allows_force_pushes": false,
            "blocks_creations": false,
            "enforce_admins": false,
            "id": "BPR_kwDOH9CBQ84Bt6_z",
            "pattern": "main",
            "push_restrictions": null,
            "repository_id": "R_kgDOH9CBQw",
            "require_conversation_resolution": false,
            "require_signed_commits": true,
            "required_linear_history": false,
            "required_pull_request_reviews": [
              {
                "dismiss_stale_reviews": true,
                "dismissal_restrictions": null,
                "pull_request_bypassers": null,
                "require_code_owner_reviews": true,
                "required_approving_review_count": 1,
                "restrict_dismissals": false
              }
            ],
            "required_status_checks": []
          },
          "sensitive_attributes": [],
          "private": "eyJzY2hlbWFfdmVyc2lvbiI6IjEifQ==",
          "dependencies": [
            "github_repository.repo"
          ]
        }
      ]
    },
    {
      "mode": "managed",
      "type": "github_repository",
      "name": "repo",
      "provider": "provider[\"registry.terraform.io/integrations/github\"]",
      "instances": [
        {
          "schema_version": 0,
          "attributes": {
            "allow_auto_merge": false,
            "allow_merge_commit": true,
            "allow_rebase_merge": true,
            "allow_squash_merge": true,
            "archive_on_destroy": null,
            "archived": false,
            "auto_init": false,
            "branches": [
              {
                "name": "main",
                "protected": false
              }
            ],
            "default_branch": "main",
            "delete_branch_on_merge": true,
            "description": "GCP mirror of some GOV.UK AWS S3 buckets",
            "etag": "W/\"0e443150eedb62c59468b278169f35e3457f3a6f64ba057ccc5e82e5d9e08b84\"",
            "full_name": "alphagov/govuk-s3-mirror",
            "git_clone_url": "git://github.com/alphagov/govuk-s3-mirror.git",
            "gitignore_template": null,
            "has_downloads": true,
            "has_issues": true,
            "has_projects": false,
            "has_wiki": false,
            "homepage_url": "",
            "html_url": "https://github.com/alphagov/govuk-s3-mirror",
            "http_clone_url": "https://github.com/alphagov/govuk-s3-mirror.git",
            "id": "govuk-s3-mirror",
            "ignore_vulnerability_alerts_during_read": null,
            "is_template": false,
            "license_template": null,
            "merge_commit_message": "PR_TITLE",
            "merge_commit_title": "MERGE_MESSAGE",
            "name": "govuk-s3-mirror",
            "node_id": "R_kgDOH9CBQw",
            "pages": [],
            "private": true,
            "repo_id": 533758275,
            "squash_merge_commit_message": "COMMIT_MESSAGES",
            "squash_merge_commit_title": "COMMIT_OR_PR_TITLE",
            "ssh_clone_url": "git@github.com:alphagov/govuk-s3-mirror.git",
            "svn_url": "https://github.com/alphagov/govuk-s3-mirror",
            "template": [],
            "topics": [],
            "visibility": "internal",
            "vulnerability_alerts": true
          },
          "sensitive_attributes": [],
          "private": "bnVsbA=="
        }
      ]
    },
    {
      "mode": "managed",
      "type": "github_repository_collaborator",
      "name": "duncan_garmonsway",
      "provider": "provider[\"registry.terraform.io/integrations/github\"]",
      "instances": [
        {
          "schema_version": 0,
          "attributes": {
            "id": "govuk-s3-mirror:nacnudus",
            "invitation_id": null,
            "permission": "admin",
            "permission_diff_suppression": null,
            "repository": "govuk-s3-mirror",
            "username": "nacnudus"
          },
          "sensitive_attributes": [],
          "private": "eyJzY2hlbWFfdmVyc2lvbiI6IjAifQ==",
          "dependencies": [
            "github_repository.repo"
          ]
        }
      ]
    },
    {
      "mode": "managed",
      "type": "google_compute_project_default_network_tier",
      "name": "default",
      "provider": "provider[\"registry.terraform.io/hashicorp/google\"]",
      "instances": [
        {
          "schema_version": 0,
          "attributes": {
            "id": "govuk-s3-mirror",
            "network_tier": "STANDARD",
            "project": "govuk-s3-mirror",
            "timeouts": null
          },
          "sensitive_attributes": [],
          "private": "eyJlMmJmYjczMC1lY2FhLTExZTYtOGY4OC0zNDM2M2JjN2M0YzAiOnsiY3JlYXRlIjoyNDAwMDAwMDAwMDB9fQ=="
        }
      ]
    },
    {
      "mode": "managed",
      "type": "google_iam_workload_identity_pool",
      "name": "main",
      "provider": "provider[\"registry.terraform.io/hashicorp/google-beta\"]",
      "instances": [
        {
          "schema_version": 0,
          "attributes": {
            "description": "",
            "disabled": false,
            "display_name": "",
            "id": "projects/govuk-s3-mirror/locations/global/workloadIdentityPools/github-pool",
            "name": "projects/384988117066/locations/global/workloadIdentityPools/github-pool",
            "project": "govuk-s3-mirror",
            "state": "ACTIVE",
            "timeouts": null,
            "workload_identity_pool_id": "github-pool"
          },
          "sensitive_attributes": [],
          "private": "eyJlMmJmYjczMC1lY2FhLTExZTYtOGY4OC0zNDM2M2JjN2M0YzAiOnsiY3JlYXRlIjoxMjAwMDAwMDAwMDAwLCJkZWxldGUiOjEyMDAwMDAwMDAwMDAsInVwZGF0ZSI6MTIwMDAwMDAwMDAwMH19"
        }
      ]
    },
    {
      "mode": "managed",
      "type": "google_iam_workload_identity_pool_provider",
      "name": "main",
      "provider": "provider[\"registry.terraform.io/hashicorp/google-beta\"]",
      "instances": [
        {
          "schema_version": 0,
          "attributes": {
            "attribute_condition": "",
            "attribute_mapping": {
              "attribute.actor": "assertion.actor",
              "attribute.aud": "assertion.aud",
              "attribute.repository": "assertion.repository",
              "google.subject": "assertion.sub"
            },
            "aws": [],
            "description": "",
            "disabled": false,
            "display_name": "",
            "id": "projects/govuk-s3-mirror/locations/global/workloadIdentityPools/github-pool/providers/github-pool-provider",
            "name": "projects/384988117066/locations/global/workloadIdentityPools/github-pool/providers/github-pool-provider",
            "oidc": [
              {
                "allowed_audiences": [],
                "issuer_uri": "https://token.actions.githubusercontent.com"
              }
            ],
            "project": "govuk-s3-mirror",
            "state": "ACTIVE",
            "timeouts": null,
            "workload_identity_pool_id": "github-pool",
            "workload_identity_pool_provider_id": "github-pool-provider"
          },
          "sensitive_attributes": [],
          "private": "eyJlMmJmYjczMC1lY2FhLTExZTYtOGY4OC0zNDM2M2JjN2M0YzAiOnsiY3JlYXRlIjoxMjAwMDAwMDAwMDAwLCJkZWxldGUiOjEyMDAwMDAwMDAwMDAsInVwZGF0ZSI6MTIwMDAwMDAwMDAwMH19",
          "dependencies": [
            "google_iam_workload_identity_pool.main"
          ]
        }
      ]
    },
    {
      "mode": "managed",
      "type": "google_project",
      "name": "project",
      "provider": "provider[\"registry.terraform.io/hashicorp/google\"]",
      "instances": [
        {
          "schema_version": 1,
          "attributes": {
            "auto_create_network": true,
            "billing_account": "015C7A-FAF970-B0D375",
            "folder_id": "20421432222",
            "id": "projects/govuk-s3-mirror",
            "labels": {},
            "name": "govuk-s3-mirror",
            "number": "384988117066",
            "org_id": "",
            "project_id": "govuk-s3-mirror",
            "skip_delete": null,
            "timeouts": {
              "create": null,
              "delete": null,
              "read": null,
              "update": null
            }
          },
          "sensitive_attributes": [],
          "private": "eyJlMmJmYjczMC1lY2FhLTExZTYtOGY4OC0zNDM2M2JjN2M0YzAiOnsiY3JlYXRlIjo2MDAwMDAwMDAwMDAsImRlbGV0ZSI6NjAwMDAwMDAwMDAwLCJyZWFkIjo2MDAwMDAwMDAwMDAsInVwZGF0ZSI6NjAwMDAwMDAwMDAwfSwic2NoZW1hX3ZlcnNpb24iOiIxIn0="
        }
      ]
    },
    {
      "mode": "managed",
      "type": "google_project_iam_member",
      "name": "terraform_iam_project",
      "provider": "provider[\"registry.terraform.io/hashicorp/google\"]",
      "instances": [
        {
          "schema_version": 0,
          "attributes": {
            "condition": [],
            "etag": "BwXoFdviZy4=",
            "id": "govuk-s3-mirror/roles/owner/serviceAccount:terraform@govuk-s3-mirror.iam.gserviceaccount.com",
            "member": "serviceAccount:terraform@govuk-s3-mirror.iam.gserviceaccount.com",
            "project": "govuk-s3-mirror",
            "role": "roles/owner"
          },
          "sensitive_attributes": [],
          "private": "bnVsbA==",
          "dependencies": [
            "google_service_account.terraform"
          ]
        }
      ]
    },
    {
      "mode": "managed",
      "type": "google_project_service",
      "name": "services",
      "provider": "provider[\"registry.terraform.io/hashicorp/google\"]",
      "instances": [
        {
          "index_key": "iam.googleapis.com",
          "schema_version": 0,
          "attributes": {
            "disable_dependent_services": false,
            "disable_on_destroy": false,
            "id": "govuk-s3-mirror/iam.googleapis.com",
            "project": "govuk-s3-mirror",
            "service": "iam.googleapis.com",
            "timeouts": null
          },
          "sensitive_attributes": [],
          "private": "eyJlMmJmYjczMC1lY2FhLTExZTYtOGY4OC0zNDM2M2JjN2M0YzAiOnsiY3JlYXRlIjoxMjAwMDAwMDAwMDAwLCJkZWxldGUiOjEyMDAwMDAwMDAwMDAsInJlYWQiOjYwMDAwMDAwMDAwMCwidXBkYXRlIjoxMjAwMDAwMDAwMDAwfX0="
        },
        {
          "index_key": "sourcerepo.googleapis.com",
          "schema_version": 0,
          "attributes": {
            "disable_dependent_services": false,
            "disable_on_destroy": false,
            "id": "govuk-s3-mirror/sourcerepo.googleapis.com",
            "project": "govuk-s3-mirror",
            "service": "sourcerepo.googleapis.com",
            "timeouts": null
          },
          "sensitive_attributes": [],
          "private": "eyJlMmJmYjczMC1lY2FhLTExZTYtOGY4OC0zNDM2M2JjN2M0YzAiOnsiY3JlYXRlIjoxMjAwMDAwMDAwMDAwLCJkZWxldGUiOjEyMDAwMDAwMDAwMDAsInJlYWQiOjYwMDAwMDAwMDAwMCwidXBkYXRlIjoxMjAwMDAwMDAwMDAwfX0="
        },
        {
          "index_key": "storage.googleapis.com",
          "schema_version": 0,
          "attributes": {
            "disable_dependent_services": false,
            "disable_on_destroy": false,
            "id": "govuk-s3-mirror/storage.googleapis.com",
            "project": "govuk-s3-mirror",
            "service": "storage.googleapis.com",
            "timeouts": null
          },
          "sensitive_attributes": [],
          "private": "eyJlMmJmYjczMC1lY2FhLTExZTYtOGY4OC0zNDM2M2JjN2M0YzAiOnsiY3JlYXRlIjoxMjAwMDAwMDAwMDAwLCJkZWxldGUiOjEyMDAwMDAwMDAwMDAsInJlYWQiOjYwMDAwMDAwMDAwMCwidXBkYXRlIjoxMjAwMDAwMDAwMDAwfX0="
        }
      ]
    },
    {
      "mode": "managed",
      "type": "google_service_account",
      "name": "source_repositories_github",
      "provider": "provider[\"registry.terraform.io/hashicorp/google\"]",
      "instances": [
        {
          "schema_version": 0,
          "attributes": {
            "account_id": "source-repositories-github",
            "description": "Service account for pushing git repositories from GitHub Actions",
            "disabled": false,
            "display_name": "Source Repositories Service Account for GitHub",
            "email": "source-repositories-github@govuk-s3-mirror.iam.gserviceaccount.com",
            "id": "projects/govuk-s3-mirror/serviceAccounts/source-repositories-github@govuk-s3-mirror.iam.gserviceaccount.com",
            "name": "projects/govuk-s3-mirror/serviceAccounts/source-repositories-github@govuk-s3-mirror.iam.gserviceaccount.com",
            "project": "govuk-s3-mirror",
            "timeouts": null,
            "unique_id": "106805947112418988296"
          },
          "sensitive_attributes": [],
          "private": "eyJlMmJmYjczMC1lY2FhLTExZTYtOGY4OC0zNDM2M2JjN2M0YzAiOnsiY3JlYXRlIjozMDAwMDAwMDAwMDB9fQ=="
        }
      ]
    },
    {
      "mode": "managed",
      "type": "google_service_account",
      "name": "storage_github",
      "provider": "provider[\"registry.terraform.io/hashicorp/google\"]",
      "instances": [
        {
          "schema_version": 0,
          "attributes": {
            "account_id": "storage-github",
            "description": "Service account for using Cloud Storage from GitHub Actions",
            "disabled": false,
            "display_name": "Storage Service Account for GitHub",
            "email": "storage-github@govuk-s3-mirror.iam.gserviceaccount.com",
            "id": "projects/govuk-s3-mirror/serviceAccounts/storage-github@govuk-s3-mirror.iam.gserviceaccount.com",
            "name": "projects/govuk-s3-mirror/serviceAccounts/storage-github@govuk-s3-mirror.iam.gserviceaccount.com",
            "project": "govuk-s3-mirror",
            "timeouts": null,
            "unique_id": "112645212369654504254"
          },
          "sensitive_attributes": [],
          "private": "eyJlMmJmYjczMC1lY2FhLTExZTYtOGY4OC0zNDM2M2JjN2M0YzAiOnsiY3JlYXRlIjozMDAwMDAwMDAwMDB9fQ=="
        }
      ]
    },
    {
      "mode": "managed",
      "type": "google_service_account",
      "name": "terraform",
      "provider": "provider[\"registry.terraform.io/hashicorp/google\"]",
      "instances": [
        {
          "schema_version": 0,
          "attributes": {
            "account_id": "terraform",
            "description": "Service account for applying Terraform from a GitHub Action",
            "disabled": false,
            "display_name": "Terraform Service Account",
            "email": "terraform@govuk-s3-mirror.iam.gserviceaccount.com",
            "id": "projects/govuk-s3-mirror/serviceAccounts/terraform@govuk-s3-mirror.iam.gserviceaccount.com",
            "name": "projects/govuk-s3-mirror/serviceAccounts/terraform@govuk-s3-mirror.iam.gserviceaccount.com",
            "project": "govuk-s3-mirror",
            "timeouts": null,
            "unique_id": "115555827617617635534"
          },
          "sensitive_attributes": [],
          "private": "eyJlMmJmYjczMC1lY2FhLTExZTYtOGY4OC0zNDM2M2JjN2M0YzAiOnsiY3JlYXRlIjozMDAwMDAwMDAwMDB9fQ=="
        }
      ]
    },
    {
      "mode": "managed",
      "type": "google_service_account_iam_member",
      "name": "wif-sa",
      "provider": "provider[\"registry.terraform.io/hashicorp/google\"]",
      "instances": [
        {
          "index_key": "projects/govuk-s3-mirror/serviceAccounts/source-repositories-github@govuk-s3-mirror.iam.gserviceaccount.com",
          "schema_version": 0,
          "attributes": {
            "condition": [],
            "etag": "BwXoFmyDWxg=",
            "id": "projects/govuk-s3-mirror/serviceAccounts/source-repositories-github@govuk-s3-mirror.iam.gserviceaccount.com/roles/iam.workloadIdentityUser/principalSet://iam.googleapis.com/projects/19513753240/locations/global/workloadIdentityPools/github-pool/attribute.repository/alphagov/govuk-s3-mirror",
            "member": "principalSet://iam.googleapis.com/projects/19513753240/locations/global/workloadIdentityPools/github-pool/attribute.repository/alphagov/govuk-s3-mirror",
            "role": "roles/iam.workloadIdentityUser",
            "service_account_id": "projects/govuk-s3-mirror/serviceAccounts/source-repositories-github@govuk-s3-mirror.iam.gserviceaccount.com"
          },
          "sensitive_attributes": [],
          "private": "bnVsbA==",
          "dependencies": [
            "google_service_account.source_repositories_github",
            "google_service_account.storage_github",
            "google_service_account.terraform"
          ]
        },
        {
          "index_key": "projects/govuk-s3-mirror/serviceAccounts/storage-github@govuk-s3-mirror.iam.gserviceaccount.com",
          "schema_version": 0,
          "attributes": {
            "condition": [],
            "etag": "BwXoFmyBe1Q=",
            "id": "projects/govuk-s3-mirror/serviceAccounts/storage-github@govuk-s3-mirror.iam.gserviceaccount.com/roles/iam.workloadIdentityUser/principalSet://iam.googleapis.com/projects/19513753240/locations/global/workloadIdentityPools/github-pool/attribute.repository/alphagov/govuk-s3-mirror",
            "member": "principalSet://iam.googleapis.com/projects/19513753240/locations/global/workloadIdentityPools/github-pool/attribute.repository/alphagov/govuk-s3-mirror",
            "role": "roles/iam.workloadIdentityUser",
            "service_account_id": "projects/govuk-s3-mirror/serviceAccounts/storage-github@govuk-s3-mirror.iam.gserviceaccount.com"
          },
          "sensitive_attributes": [],
          "private": "bnVsbA==",
          "dependencies": [
            "google_service_account.source_repositories_github",
            "google_service_account.storage_github",
            "google_service_account.terraform"
          ]
        },
        {
          "index_key": "projects/govuk-s3-mirror/serviceAccounts/terraform@govuk-s3-mirror.iam.gserviceaccount.com",
          "schema_version": 0,
          "attributes": {
            "condition": [],
            "etag": "BwXoFmyB+l4=",
            "id": "projects/govuk-s3-mirror/serviceAccounts/terraform@govuk-s3-mirror.iam.gserviceaccount.com/roles/iam.workloadIdentityUser/principalSet://iam.googleapis.com/projects/19513753240/locations/global/workloadIdentityPools/github-pool/attribute.repository/alphagov/govuk-s3-mirror",
            "member": "principalSet://iam.googleapis.com/projects/19513753240/locations/global/workloadIdentityPools/github-pool/attribute.repository/alphagov/govuk-s3-mirror",
            "role": "roles/iam.workloadIdentityUser",
            "service_account_id": "projects/govuk-s3-mirror/serviceAccounts/terraform@govuk-s3-mirror.iam.gserviceaccount.com"
          },
          "sensitive_attributes": [],
          "private": "bnVsbA==",
          "dependencies": [
            "google_service_account.source_repositories_github",
            "google_service_account.storage_github",
            "google_service_account.terraform"
          ]
        }
      ]
    },
    {
      "mode": "managed",
      "type": "google_sourcerepo_repository",
      "name": "govuk_s3_mirror",
      "provider": "provider[\"registry.terraform.io/hashicorp/google\"]",
      "instances": [
        {
          "schema_version": 0,
          "attributes": {
            "id": "projects/govuk-s3-mirror/repos/alphagov/govuk-s3-mirror",
            "name": "alphagov/govuk-s3-mirror",
            "project": "govuk-s3-mirror",
            "pubsub_configs": [],
            "size": 0,
            "timeouts": null,
            "url": "https://source.developers.google.com/p/govuk-s3-mirror/r/alphagov/govuk-s3-mirror"
          },
          "sensitive_attributes": [],
          "private": "eyJlMmJmYjczMC1lY2FhLTExZTYtOGY4OC0zNDM2M2JjN2M0YzAiOnsiY3JlYXRlIjoxMjAwMDAwMDAwMDAwLCJkZWxldGUiOjEyMDAwMDAwMDAwMDAsInVwZGF0ZSI6MTIwMDAwMDAwMDAwMH19"
        }
      ]
    },
    {
      "mode": "managed",
      "type": "google_sourcerepo_repository_iam_member",
      "name": "writer",
      "provider": "provider[\"registry.terraform.io/hashicorp/google\"]",
      "instances": [
        {
          "schema_version": 0,
          "attributes": {
            "condition": [],
            "etag": "BwXoFeC66Hg=",
            "id": "projects/govuk-s3-mirror/repos/alphagov/govuk-s3-mirror/roles/writer/serviceAccount:source-repositories-github@govuk-s3-mirror.iam.gserviceaccount.com",
            "member": "serviceAccount:source-repositories-github@govuk-s3-mirror.iam.gserviceaccount.com",
            "project": "govuk-s3-mirror",
            "repository": "projects/govuk-s3-mirror/repos/alphagov/govuk-s3-mirror",
            "role": "roles/writer"
          },
          "sensitive_attributes": [],
          "private": "bnVsbA==",
          "dependencies": [
            "google_service_account.source_repositories_github",
            "google_sourcerepo_repository.govuk_s3_mirror"
          ]
        }
      ]
    },
    {
      "mode": "managed",
      "type": "google_storage_bucket",
      "name": "backend",
      "provider": "provider[\"registry.terraform.io/hashicorp/google\"]",
      "instances": [
        {
          "schema_version": 0,
          "attributes": {
            "cors": [],
            "default_event_based_hold": false,
            "encryption": [],
            "force_destroy": false,
            "id": "govuk-s3-mirror-tfstate",
            "labels": {},
            "lifecycle_rule": [],
            "location": "EUROPE-WEST2",
            "logging": [],
            "name": "govuk-s3-mirror-tfstate",
            "project": "govuk-s3-mirror",
            "requester_pays": false,
            "retention_policy": [],
            "self_link": "https://www.googleapis.com/storage/v1/b/govuk-s3-mirror-tfstate",
            "storage_class": "STANDARD",
            "timeouts": null,
            "uniform_bucket_level_access": true,
            "url": "gs://govuk-s3-mirror-tfstate",
            "versioning": [
              {
                "enabled": true
              }
            ],
            "website": []
          },
          "sensitive_attributes": [],
          "private": "eyJlMmJmYjczMC1lY2FhLTExZTYtOGY4OC0zNDM2M2JjN2M0YzAiOnsiY3JlYXRlIjoyNDAwMDAwMDAwMDAsInJlYWQiOjI0MDAwMDAwMDAwMCwidXBkYXRlIjoyNDAwMDAwMDAwMDB9fQ=="
        }
      ]
    },
    {
      "mode": "managed",
      "type": "google_storage_bucket",
      "name": "repository",
      "provider": "provider[\"registry.terraform.io/hashicorp/google\"]",
      "instances": [
        {
          "schema_version": 0,
          "attributes": {
            "cors": [],
            "default_event_based_hold": false,
            "encryption": [],
            "force_destroy": false,
            "id": "govuk-s3-mirror-repository",
            "labels": {},
            "lifecycle_rule": [],
            "location": "EUROPE-WEST2",
            "logging": [],
            "name": "govuk-s3-mirror-repository",
            "project": "govuk-s3-mirror",
            "requester_pays": false,
            "retention_policy": [],
            "self_link": "https://www.googleapis.com/storage/v1/b/govuk-s3-mirror-repository",
            "storage_class": "STANDARD",
            "timeouts": null,
            "uniform_bucket_level_access": true,
            "url": "gs://govuk-s3-mirror-repository",
            "versioning": [
              {
                "enabled": false
              }
            ],
            "website": []
          },
          "sensitive_attributes": [],
          "private": "eyJlMmJmYjczMC1lY2FhLTExZTYtOGY4OC0zNDM2M2JjN2M0YzAiOnsiY3JlYXRlIjoyNDAwMDAwMDAwMDAsInJlYWQiOjI0MDAwMDAwMDAwMCwidXBkYXRlIjoyNDAwMDAwMDAwMDB9fQ=="
        }
      ]
    },
    {
      "mode": "managed",
      "type": "google_storage_bucket_iam_member",
      "name": "repository_objectAdmin",
      "provider": "provider[\"registry.terraform.io/hashicorp/google\"]",
      "instances": [
        {
          "schema_version": 0,
          "attributes": {
            "bucket": "b/govuk-s3-mirror-repository",
            "condition": [],
            "etag": "CAI=",
            "id": "b/govuk-s3-mirror-repository/roles/storage.objectAdmin/serviceAccount:storage-github@govuk-s3-mirror.iam.gserviceaccount.com",
            "member": "serviceAccount:storage-github@govuk-s3-mirror.iam.gserviceaccount.com",
            "role": "roles/storage.objectAdmin"
          },
          "sensitive_attributes": [],
          "private": "bnVsbA==",
          "dependencies": [
            "google_service_account.storage_github",
            "google_storage_bucket.repository"
          ]
        }
      ]
    },
    {
      "mode": "managed",
      "type": "null_resource",
      "name": "enable_service_usage_api",
      "provider": "provider[\"registry.terraform.io/hashicorp/null\"]",
      "instances": [
        {
          "schema_version": 0,
          "attributes": {
            "id": "7740643731053039440",
            "triggers": null
          },
          "sensitive_attributes": [],
          "private": "bnVsbA==",
          "dependencies": [
            "google_project.project"
          ]
        }
      ]
    }
  ]
}
